{
  "nodes": {
    "nixpkgs": {
      "locked": {
        "lastModified": 1737672001,
        "narHash": "sha256-YnHJJ19wqmibLQdUeq9xzE6CjrMA568KN/lFPuSVs4I=",
        "owner": "nixos",
        "repo": "nixpkgs",
        "rev": "035f8c0853c2977b24ffc4d0a42c74f00b182cd8",
        "type": "github"
      },
      "original": {
        "owner": "nixos",
        "ref": "nixos-24.11",
        "repo": "nixpkgs",
        "type": "github"
      }
    },
    "nixpkgs_2": {
      "locked": {
        "lastModified": 1727348695,
        "narHash": "sha256-J+PeFKSDV+pHL7ukkfpVzCOO7mBSrrpJ3svwBFABbhI=",
        "owner": "nixos",
        "repo": "nixpkgs",
        "rev": "1925c603f17fc89f4c8f6bf6f631a802ad85d784",
        "type": "github"
      },
      "original": {
        "owner": "nixos",
        "ref": "nixos-unstable",
        "repo": "nixpkgs",
        "type": "github"
      }
    },
    "root": {
      "inputs": {
        "nixpkgs": "nixpkgs",
        "unstable": "unstable",
        "zen-browser": "zen-browser"
      }
    },
    "unstable": {
      "locked": {
        "lastModified": 1737632463,
        "narHash": "sha256-38J9QfeGSej341ouwzqf77WIHAScihAKCt8PQJ+NH28=",
        "owner": "nixos",
        "repo": "nixpkgs",
        "rev": "0aa475546ed21629c4f5bbf90e38c846a99ec9e9",
        "type": "github"
      },
      "original": {
        "owner": "nixos",
        "ref": "nixos-unstable",
        "repo": "nixpkgs",
        "type": "github"
      }
    },
    "zen-browser": {
      "inputs": {
        "nixpkgs": "nixpkgs_2"
      },
      "locked": {
        "lastModified": 1739667343,
        "narHash": "sha256-fNEz+Yd0t9jXz27qKRMAEBradTwYBeBLOECx+ydG25s=",
        "owner": "0xc000022070",
        "repo": "zen-browser-flake",
        "rev": "8c7f6ca49f87b4e114f775a4dad956ceb6df4220",
        "type": "github"
      },
      "original": {
        "owner": "0xc000022070",
        "repo": "zen-browser-flake",
        "type": "github"
      }
    }
  },
  "root": "root",
  "version": 7
}
